
Microsoft Visual Studio Solution File, Format Version 12.00
Project("{2150E333-8FDC-42A3-9474-1A3956D46DE8}") = "Task0", "Task0", "{A6F83C92-CE80-4C01-8E45-F39B03B7B41C}"
EndProject
Project("{FAE04EC0-301F-11D3-BF4B-00C04F79EFBC}") = "Tyuiu.ShalaevaVV.Sprint0.Task0.V0", "Tyuiu.ShalaevaVV.Sprint0.Task0.V0\Tyuiu.ShalaevaVV.Sprint0.Task0.V0.csproj", "{5C8F610E-124C-4989-BAC1-5095F9C350D1}"
EndProject
Project("{2150E333-8FDC-42A3-9474-1A3956D46DE8}") = "Task1", "Task1", "{0194576F-D81E-4017-970F-71F6AB99056A}"
EndProject
Project("{FAE04EC0-301F-11D3-BF4B-00C04F79EFBC}") = "Tyuiu.ShalaevaVV.Sprint0.Task1.V0", "Tyuiu.ShalaevaVV.Sprint0.Task1.V0\Tyuiu.ShalaevaVV.Sprint0.Task1.V0.csproj", "{B54E0C4E-7D8F-4598-908C-1ED363B7998E}"
EndProject
Project("{2150E333-8FDC-42A3-9474-1A3956D46DE8}") = "Task2", "Task2", "{F62D5418-2D2F-407F-A830-FFD58622BFD3}"
EndProject
Project("{FAE04EC0-301F-11D3-BF4B-00C04F79EFBC}") = "Tyuiu.ShalaevaVV.Sprint0.Task2.V0", "Tyuiu.ShalaevaVV.Sprint0.Task2.V0\Tyuiu.ShalaevaVV.Sprint0.Task2.V0.csproj", "{8D31B81A-25E6-4E88-A4EC-DC62B2FB957B}"
EndProject
Project("{FAE04EC0-301F-11D3-BF4B-00C04F79EFBC}") = "Tyuiu.ShalaevaVV.Sprint0.Task2.V0.Lib", "Tyuiu.ShalaevaVV.Sprint0.Task2.V0.Lib\Tyuiu.ShalaevaVV.Sprint0.Task2.V0.Lib.csproj", "{1A42FC82-67EB-417E-8324-AB505588106B}"
EndProject
Project("{FAE04EC0-301F-11D3-BF4B-00C04F79EFBC}") = "Tyuiu.ShalaevaVV.Sprint0.Task2.V0.Test", "Tyuiu.ShalaevaVV.Sprint0.Task2.V0.Test\Tyuiu.ShalaevaVV.Sprint0.Task2.V0.Test.csproj", "{A483558B-6531-46A9-9643-9E56D98CFCC8}"
EndProject
Project("{2150E333-8FDC-42A3-9474-1A3956D46DE8}") = "Task3", "Task3", "{F22D72D1-587C-4383-8765-AC5B3C04CC49}"
EndProject
Project("{FAE04EC0-301F-11D3-BF4B-00C04F79EFBC}") = "Tyuiu.ShalaevaVV.Sprint0.Task3.V0", "Tyuiu.ShalaevaVV.Sprint0.Task3.V0\Tyuiu.ShalaevaVV.Sprint0.Task3.V0.csproj", "{DBC168A5-7145-4A2E-8C62-3FC3BEB6C5D8}"
EndProject
Project("{FAE04EC0-301F-11D3-BF4B-00C04F79EFBC}") = "Tyuiu.ShalaevaVV.Sprint0.Task3.V0.Lib", "Tyuiu.ShalaevaVV.Sprint0.Task3.V0.Lib\Tyuiu.ShalaevaVV.Sprint0.Task3.V0.Lib.csproj", "{D3AF5FA6-2512-4F04-94E3-98C80F967C07}"
EndProject
Project("{FAE04EC0-301F-11D3-BF4B-00C04F79EFBC}") = "Tyuiu.ShalaevaVV.Sprint0.Task3.V0.Test", "Tyuiu.ShalaevaVV.Sprint0.Task3.V0.Test\Tyuiu.ShalaevaVV.Sprint0.Task3.V0.Test.csproj", "{E5262562-5DE9-4CEA-9098-00B2BAE86D90}"
EndProject
Project("{2150E333-8FDC-42A3-9474-1A3956D46DE8}") = "Task4", "Task4", "{3D279D72-4FF9-462F-B997-98069694AD81}"
EndProject
Project("{FAE04EC0-301F-11D3-BF4B-00C04F79EFBC}") = "Tyuiu.ShalaevaVV.Sprint0.Task4.V0.", "Tyuiu.ShalaevaVV.Sprint0.Task4.V0\Tyuiu.ShalaevaVV.Sprint0.Task4.V0..csproj", "{19ABEBB0-2C0A-4D45-B02C-9CE65134F5DA}"
EndProject
Project("{FAE04EC0-301F-11D3-BF4B-00C04F79EFBC}") = "Tyuiu.ShalaevaVV.Sprint0.Task4.V0.Lib", "Tyuiu.ShalaevaVV.Sprint0.Task4.V0.Lib\Tyuiu.ShalaevaVV.Sprint0.Task4.V0.Lib.csproj", "{0D79936B-EBC5-47C0-8EB3-F6482CAF5306}"
EndProject
Project("{FAE04EC0-301F-11D3-BF4B-00C04F79EFBC}") = "Tyuiu.ShalaevaVV.Sprint0.Task4.V0.Test", "Tyuiu.ShalaevaVV.Sprint0.Task4.V0.Test\Tyuiu.ShalaevaVV.Sprint0.Task4.V0.Test.csproj", "{5D01F0C3-72EF-4413-B04D-3F19732B65E1}"
EndProject
Project("{2150E333-8FDC-42A3-9474-1A3956D46DE8}") = "Task5", "Task5", "{F5C53463-556C-4787-A9B8-3EA5241C925E}"
EndProject
Project("{FAE04EC0-301F-11D3-BF4B-00C04F79EFBC}") = "Tyuiu.ShalatvaVV.Sprint0.Task5.V0", "Tyuiu.ShalatvaVV.Sprint0.Task5.V0\Tyuiu.ShalatvaVV.Sprint0.Task5.V0.csproj", "{D4833FBB-D42B-4479-B034-011994C127E6}"
EndProject
Project("{FAE04EC0-301F-11D3-BF4B-00C04F79EFBC}") = "Tyuiu.ShalatvaVV.Sprint0.Task5.V0.Lib", "Tyuiu.ShalatvaVV.Sprint0.Task5.V0.Lib\Tyuiu.ShalatvaVV.Sprint0.Task5.V0.Lib.csproj", "{370AA9DB-E83B-4134-B73C-9B7E03CC8FEF}"
EndProject
Project("{FAE04EC0-301F-11D3-BF4B-00C04F79EFBC}") = "Tyuiu.ShalatvaVV.Sprint0.Task5.V0.Test", "Tyuiu.ShalatvaVV.Sprint0.Task5.V0.Test\Tyuiu.ShalatvaVV.Sprint0.Task5.V0.Test.csproj", "{8F65293B-BABD-43F2-B67B-7EB6152FA48D}"
EndProject
Project("{2150E333-8FDC-42A3-9474-1A3956D46DE8}") = "Task6", "Task6", "{32927CD1-E4F7-498A-90A3-D6DE8823076C}"
EndProject
Project("{FAE04EC0-301F-11D3-BF4B-00C04F79EFBC}") = "Tyuiu.ShalaevaVV.Sprint0.Task6.V0", "Tyuiu.ShalaevaVV.Sprint0.Task6.V0\Tyuiu.ShalaevaVV.Sprint0.Task6.V0.csproj", "{764354DC-9774-4274-BD9D-309BC7BD835D}"
EndProject
Project("{FAE04EC0-301F-11D3-BF4B-00C04F79EFBC}") = "Tyuiu.ShalaevaVV.Sprint0.Task6.V0.Lib", "Tyuiu.ShalaevaVV.Sprint0.Task6.V0.Lib\Tyuiu.ShalaevaVV.Sprint0.Task6.V0.Lib.csproj", "{F69BD82F-B5F0-4028-B450-B643CB3DBE14}"
EndProject
Project("{FAE04EC0-301F-11D3-BF4B-00C04F79EFBC}") = "Tyuiu.ShalaevaVV.Sprint0.Task6.V0.Test", "Tyuiu.ShalaevaVV.Sprint0.Task6.V0.Test\Tyuiu.ShalaevaVV.Sprint0.Task6.V0.Test.csproj", "{39A03533-D2E6-4DB6-B890-048541EAE477}"
EndProject
Global
	GlobalSection(SolutionConfigurationPlatforms) = preSolution
		Debug|Any CPU = Debug|Any CPU
		Release|Any CPU = Release|Any CPU
	EndGlobalSection
	GlobalSection(NestedProjects) = preSolution
		{5C8F610E-124C-4989-BAC1-5095F9C350D1} = {A6F83C92-CE80-4C01-8E45-F39B03B7B41C}
		{B54E0C4E-7D8F-4598-908C-1ED363B7998E} = {0194576F-D81E-4017-970F-71F6AB99056A}
		{8D31B81A-25E6-4E88-A4EC-DC62B2FB957B} = {F62D5418-2D2F-407F-A830-FFD58622BFD3}
		{1A42FC82-67EB-417E-8324-AB505588106B} = {F62D5418-2D2F-407F-A830-FFD58622BFD3}
		{A483558B-6531-46A9-9643-9E56D98CFCC8} = {F62D5418-2D2F-407F-A830-FFD58622BFD3}
		{DBC168A5-7145-4A2E-8C62-3FC3BEB6C5D8} = {F22D72D1-587C-4383-8765-AC5B3C04CC49}
		{D3AF5FA6-2512-4F04-94E3-98C80F967C07} = {F22D72D1-587C-4383-8765-AC5B3C04CC49}
		{E5262562-5DE9-4CEA-9098-00B2BAE86D90} = {F22D72D1-587C-4383-8765-AC5B3C04CC49}
		{19ABEBB0-2C0A-4D45-B02C-9CE65134F5DA} = {3D279D72-4FF9-462F-B997-98069694AD81}
		{0D79936B-EBC5-47C0-8EB3-F6482CAF5306} = {3D279D72-4FF9-462F-B997-98069694AD81}
		{5D01F0C3-72EF-4413-B04D-3F19732B65E1} = {3D279D72-4FF9-462F-B997-98069694AD81}
		{D4833FBB-D42B-4479-B034-011994C127E6} = {F5C53463-556C-4787-A9B8-3EA5241C925E}
		{370AA9DB-E83B-4134-B73C-9B7E03CC8FEF} = {F5C53463-556C-4787-A9B8-3EA5241C925E}
		{8F65293B-BABD-43F2-B67B-7EB6152FA48D} = {F5C53463-556C-4787-A9B8-3EA5241C925E}
		{764354DC-9774-4274-BD9D-309BC7BD835D} = {32927CD1-E4F7-498A-90A3-D6DE8823076C}
		{F69BD82F-B5F0-4028-B450-B643CB3DBE14} = {32927CD1-E4F7-498A-90A3-D6DE8823076C}
		{39A03533-D2E6-4DB6-B890-048541EAE477} = {32927CD1-E4F7-498A-90A3-D6DE8823076C}
	EndGlobalSection
	GlobalSection(ProjectConfigurationPlatforms) = postSolution
		{5C8F610E-124C-4989-BAC1-5095F9C350D1}.Debug|Any CPU.ActiveCfg = Debug|Any CPU
		{5C8F610E-124C-4989-BAC1-5095F9C350D1}.Debug|Any CPU.Build.0 = Debug|Any CPU
		{5C8F610E-124C-4989-BAC1-5095F9C350D1}.Release|Any CPU.ActiveCfg = Release|Any CPU
		{5C8F610E-124C-4989-BAC1-5095F9C350D1}.Release|Any CPU.Build.0 = Release|Any CPU
		{B54E0C4E-7D8F-4598-908C-1ED363B7998E}.Debug|Any CPU.ActiveCfg = Debug|Any CPU
		{B54E0C4E-7D8F-4598-908C-1ED363B7998E}.Debug|Any CPU.Build.0 = Debug|Any CPU
		{B54E0C4E-7D8F-4598-908C-1ED363B7998E}.Release|Any CPU.ActiveCfg = Release|Any CPU
		{B54E0C4E-7D8F-4598-908C-1ED363B7998E}.Release|Any CPU.Build.0 = Release|Any CPU
		{8D31B81A-25E6-4E88-A4EC-DC62B2FB957B}.Debug|Any CPU.ActiveCfg = Debug|Any CPU
		{8D31B81A-25E6-4E88-A4EC-DC62B2FB957B}.Debug|Any CPU.Build.0 = Debug|Any CPU
		{8D31B81A-25E6-4E88-A4EC-DC62B2FB957B}.Release|Any CPU.ActiveCfg = Release|Any CPU
		{8D31B81A-25E6-4E88-A4EC-DC62B2FB957B}.Release|Any CPU.Build.0 = Release|Any CPU
		{1A42FC82-67EB-417E-8324-AB505588106B}.Debug|Any CPU.ActiveCfg = Debug|Any CPU
		{1A42FC82-67EB-417E-8324-AB505588106B}.Debug|Any CPU.Build.0 = Debug|Any CPU
		{1A42FC82-67EB-417E-8324-AB505588106B}.Release|Any CPU.ActiveCfg = Release|Any CPU
		{1A42FC82-67EB-417E-8324-AB505588106B}.Release|Any CPU.Build.0 = Release|Any CPU
		{A483558B-6531-46A9-9643-9E56D98CFCC8}.Debug|Any CPU.ActiveCfg = Debug|Any CPU
		{A483558B-6531-46A9-9643-9E56D98CFCC8}.Debug|Any CPU.Build.0 = Debug|Any CPU
		{A483558B-6531-46A9-9643-9E56D98CFCC8}.Release|Any CPU.ActiveCfg = Release|Any CPU
		{A483558B-6531-46A9-9643-9E56D98CFCC8}.Release|Any CPU.Build.0 = Release|Any CPU
		{DBC168A5-7145-4A2E-8C62-3FC3BEB6C5D8}.Debug|Any CPU.ActiveCfg = Debug|Any CPU
		{DBC168A5-7145-4A2E-8C62-3FC3BEB6C5D8}.Debug|Any CPU.Build.0 = Debug|Any CPU
		{DBC168A5-7145-4A2E-8C62-3FC3BEB6C5D8}.Release|Any CPU.ActiveCfg = Release|Any CPU
		{DBC168A5-7145-4A2E-8C62-3FC3BEB6C5D8}.Release|Any CPU.Build.0 = Release|Any CPU
		{D3AF5FA6-2512-4F04-94E3-98C80F967C07}.Debug|Any CPU.ActiveCfg = Debug|Any CPU
		{D3AF5FA6-2512-4F04-94E3-98C80F967C07}.Debug|Any CPU.Build.0 = Debug|Any CPU
		{D3AF5FA6-2512-4F04-94E3-98C80F967C07}.Release|Any CPU.ActiveCfg = Release|Any CPU
		{D3AF5FA6-2512-4F04-94E3-98C80F967C07}.Release|Any CPU.Build.0 = Release|Any CPU
		{E5262562-5DE9-4CEA-9098-00B2BAE86D90}.Debug|Any CPU.ActiveCfg = Debug|Any CPU
		{E5262562-5DE9-4CEA-9098-00B2BAE86D90}.Debug|Any CPU.Build.0 = Debug|Any CPU
		{E5262562-5DE9-4CEA-9098-00B2BAE86D90}.Release|Any CPU.ActiveCfg = Release|Any CPU
		{E5262562-5DE9-4CEA-9098-00B2BAE86D90}.Release|Any CPU.Build.0 = Release|Any CPU
		{19ABEBB0-2C0A-4D45-B02C-9CE65134F5DA}.Debug|Any CPU.ActiveCfg = Debug|Any CPU
		{19ABEBB0-2C0A-4D45-B02C-9CE65134F5DA}.Debug|Any CPU.Build.0 = Debug|Any CPU
		{19ABEBB0-2C0A-4D45-B02C-9CE65134F5DA}.Release|Any CPU.ActiveCfg = Release|Any CPU
		{19ABEBB0-2C0A-4D45-B02C-9CE65134F5DA}.Release|Any CPU.Build.0 = Release|Any CPU
		{0D79936B-EBC5-47C0-8EB3-F6482CAF5306}.Debug|Any CPU.ActiveCfg = Debug|Any CPU
		{0D79936B-EBC5-47C0-8EB3-F6482CAF5306}.Debug|Any CPU.Build.0 = Debug|Any CPU
		{0D79936B-EBC5-47C0-8EB3-F6482CAF5306}.Release|Any CPU.ActiveCfg = Release|Any CPU
		{0D79936B-EBC5-47C0-8EB3-F6482CAF5306}.Release|Any CPU.Build.0 = Release|Any CPU
		{5D01F0C3-72EF-4413-B04D-3F19732B65E1}.Debug|Any CPU.ActiveCfg = Debug|Any CPU
		{5D01F0C3-72EF-4413-B04D-3F19732B65E1}.Debug|Any CPU.Build.0 = Debug|Any CPU
		{5D01F0C3-72EF-4413-B04D-3F19732B65E1}.Release|Any CPU.ActiveCfg = Release|Any CPU
		{5D01F0C3-72EF-4413-B04D-3F19732B65E1}.Release|Any CPU.Build.0 = Release|Any CPU
		{D4833FBB-D42B-4479-B034-011994C127E6}.Debug|Any CPU.ActiveCfg = Debug|Any CPU
		{D4833FBB-D42B-4479-B034-011994C127E6}.Debug|Any CPU.Build.0 = Debug|Any CPU
		{D4833FBB-D42B-4479-B034-011994C127E6}.Release|Any CPU.ActiveCfg = Release|Any CPU
		{D4833FBB-D42B-4479-B034-011994C127E6}.Release|Any CPU.Build.0 = Release|Any CPU
		{370AA9DB-E83B-4134-B73C-9B7E03CC8FEF}.Debug|Any CPU.ActiveCfg = Debug|Any CPU
		{370AA9DB-E83B-4134-B73C-9B7E03CC8FEF}.Debug|Any CPU.Build.0 = Debug|Any CPU
		{370AA9DB-E83B-4134-B73C-9B7E03CC8FEF}.Release|Any CPU.ActiveCfg = Release|Any CPU
		{370AA9DB-E83B-4134-B73C-9B7E03CC8FEF}.Release|Any CPU.Build.0 = Release|Any CPU
		{8F65293B-BABD-43F2-B67B-7EB6152FA48D}.Debug|Any CPU.ActiveCfg = Debug|Any CPU
		{8F65293B-BABD-43F2-B67B-7EB6152FA48D}.Debug|Any CPU.Build.0 = Debug|Any CPU
		{8F65293B-BABD-43F2-B67B-7EB6152FA48D}.Release|Any CPU.ActiveCfg = Release|Any CPU
		{8F65293B-BABD-43F2-B67B-7EB6152FA48D}.Release|Any CPU.Build.0 = Release|Any CPU
		{764354DC-9774-4274-BD9D-309BC7BD835D}.Debug|Any CPU.ActiveCfg = Debug|Any CPU
		{764354DC-9774-4274-BD9D-309BC7BD835D}.Debug|Any CPU.Build.0 = Debug|Any CPU
		{764354DC-9774-4274-BD9D-309BC7BD835D}.Release|Any CPU.ActiveCfg = Release|Any CPU
		{764354DC-9774-4274-BD9D-309BC7BD835D}.Release|Any CPU.Build.0 = Release|Any CPU
		{F69BD82F-B5F0-4028-B450-B643CB3DBE14}.Debug|Any CPU.ActiveCfg = Debug|Any CPU
		{F69BD82F-B5F0-4028-B450-B643CB3DBE14}.Debug|Any CPU.Build.0 = Debug|Any CPU
		{F69BD82F-B5F0-4028-B450-B643CB3DBE14}.Release|Any CPU.ActiveCfg = Release|Any CPU
		{F69BD82F-B5F0-4028-B450-B643CB3DBE14}.Release|Any CPU.Build.0 = Release|Any CPU
		{39A03533-D2E6-4DB6-B890-048541EAE477}.Debug|Any CPU.ActiveCfg = Debug|Any CPU
		{39A03533-D2E6-4DB6-B890-048541EAE477}.Debug|Any CPU.Build.0 = Debug|Any CPU
		{39A03533-D2E6-4DB6-B890-048541EAE477}.Release|Any CPU.ActiveCfg = Release|Any CPU
		{39A03533-D2E6-4DB6-B890-048541EAE477}.Release|Any CPU.Build.0 = Release|Any CPU
	EndGlobalSection
EndGlobal
